
Microsoft Visual Studio Solution File, Format Version 12.00
# Visual Studio Version 17
VisualStudioVersion = 17.11.35303.130
MinimumVisualStudioVersion = 10.0.40219.1
Project("{2150E333-8FDC-42A3-9474-1A3956D46DE8}") = "Task0", "Task0", "{1E47916A-5DC7-4EC2-B648-3DB5329F143C}"
EndProject
Project("{FAE04EC0-301F-11D3-BF4B-00C04F79EFBC}") = "Tyuiu.PuzinaDA.Sprint4.Task0.V5", "Tyuiu.PuzinaDA.Sprint4.Task0.V5\Tyuiu.PuzinaDA.Sprint4.Task0.V5.csproj", "{7C2F5C3B-D280-4585-92C7-BD5F0C60EA38}"
EndProject
Project("{FAE04EC0-301F-11D3-BF4B-00C04F79EFBC}") = "Tyuiu.PuzinaDA.Sprint4.Task0.V5.Test", "Tyuiu.PuzinaDA.Sprint4.Task0.V5.Test\Tyuiu.PuzinaDA.Sprint4.Task0.V5.Test.csproj", "{4E687795-5C6D-4D9A-9EAE-57A00C6CBD86}"
EndProject
Project("{FAE04EC0-301F-11D3-BF4B-00C04F79EFBC}") = "Tyuiu.PuzinaDA.Sprint4.Task0.V5.Lib", "Tyuiu.PuzinaDA.Sprint4.Task0.V5.Lib\Tyuiu.PuzinaDA.Sprint4.Task0.V5.Lib.csproj", "{4443ABB3-1FA8-43B6-8F4E-76E8FCD876AD}"
EndProject
Project("{2150E333-8FDC-42A3-9474-1A3956D46DE8}") = "Task1", "Task1", "{FDF342F9-2F36-4A93-9FD3-FBFD56458284}"
EndProject
Project("{FAE04EC0-301F-11D3-BF4B-00C04F79EFBC}") = "Tyuiu.PuzinaDA.Sprint4.Task1.V6", "Tyuiu.PuzinaDA.Sprint4.Task1.V6\Tyuiu.PuzinaDA.Sprint4.Task1.V6.csproj", "{D19F0966-5E51-4B03-8E2D-80977F954110}"
EndProject
Project("{FAE04EC0-301F-11D3-BF4B-00C04F79EFBC}") = "Tyuiu.PuzinaDA.Sprint4.Task1.V6.Test", "Tyuiu.PuzinaDA.Sprint4.Task1.V6.Test\Tyuiu.PuzinaDA.Sprint4.Task1.V6.Test.csproj", "{0BC8CFBA-5C43-46A2-BE81-0298FF608F55}"
EndProject
Project("{FAE04EC0-301F-11D3-BF4B-00C04F79EFBC}") = "Tyuiu.PuzinaDA.Sprint4.Task1.V6.Lib", "Tyuiu.PuzinaDA.Sprint4.Task1.V6.Lib\Tyuiu.PuzinaDA.Sprint4.Task1.V6.Lib.csproj", "{FC1362D6-249A-4A55-97B0-B81CDFF01C7F}"
EndProject
Global
	GlobalSection(SolutionConfigurationPlatforms) = preSolution
		Debug|Any CPU = Debug|Any CPU
		Release|Any CPU = Release|Any CPU
	EndGlobalSection
	GlobalSection(ProjectConfigurationPlatforms) = postSolution
		{7C2F5C3B-D280-4585-92C7-BD5F0C60EA38}.Debug|Any CPU.ActiveCfg = Debug|Any CPU
		{7C2F5C3B-D280-4585-92C7-BD5F0C60EA38}.Debug|Any CPU.Build.0 = Debug|Any CPU
		{7C2F5C3B-D280-4585-92C7-BD5F0C60EA38}.Release|Any CPU.ActiveCfg = Release|Any CPU
		{7C2F5C3B-D280-4585-92C7-BD5F0C60EA38}.Release|Any CPU.Build.0 = Release|Any CPU
		{4E687795-5C6D-4D9A-9EAE-57A00C6CBD86}.Debug|Any CPU.ActiveCfg = Debug|Any CPU
		{4E687795-5C6D-4D9A-9EAE-57A00C6CBD86}.Debug|Any CPU.Build.0 = Debug|Any CPU
		{4E687795-5C6D-4D9A-9EAE-57A00C6CBD86}.Release|Any CPU.ActiveCfg = Release|Any CPU
		{4E687795-5C6D-4D9A-9EAE-57A00C6CBD86}.Release|Any CPU.Build.0 = Release|Any CPU
		{4443ABB3-1FA8-43B6-8F4E-76E8FCD876AD}.Debug|Any CPU.ActiveCfg = Debug|Any CPU
		{4443ABB3-1FA8-43B6-8F4E-76E8FCD876AD}.Debug|Any CPU.Build.0 = Debug|Any CPU
		{4443ABB3-1FA8-43B6-8F4E-76E8FCD876AD}.Release|Any CPU.ActiveCfg = Release|Any CPU
		{4443ABB3-1FA8-43B6-8F4E-76E8FCD876AD}.Release|Any CPU.Build.0 = Release|Any CPU
		{D19F0966-5E51-4B03-8E2D-80977F954110}.Debug|Any CPU.ActiveCfg = Debug|Any CPU
		{D19F0966-5E51-4B03-8E2D-80977F954110}.Debug|Any CPU.Build.0 = Debug|Any CPU
		{D19F0966-5E51-4B03-8E2D-80977F954110}.Release|Any CPU.ActiveCfg = Release|Any CPU
		{D19F0966-5E51-4B03-8E2D-80977F954110}.Release|Any CPU.Build.0 = Release|Any CPU
		{0BC8CFBA-5C43-46A2-BE81-0298FF608F55}.Debug|Any CPU.ActiveCfg = Debug|Any CPU
		{0BC8CFBA-5C43-46A2-BE81-0298FF608F55}.Debug|Any CPU.Build.0 = Debug|Any CPU
		{0BC8CFBA-5C43-46A2-BE81-0298FF608F55}.Release|Any CPU.ActiveCfg = Release|Any CPU
		{0BC8CFBA-5C43-46A2-BE81-0298FF608F55}.Release|Any CPU.Build.0 = Release|Any CPU
		{FC1362D6-249A-4A55-97B0-B81CDFF01C7F}.Debug|Any CPU.ActiveCfg = Debug|Any CPU
		{FC1362D6-249A-4A55-97B0-B81CDFF01C7F}.Debug|Any CPU.Build.0 = Debug|Any CPU
		{FC1362D6-249A-4A55-97B0-B81CDFF01C7F}.Release|Any CPU.ActiveCfg = Release|Any CPU
		{FC1362D6-249A-4A55-97B0-B81CDFF01C7F}.Release|Any CPU.Build.0 = Release|Any CPU
	EndGlobalSection
	GlobalSection(SolutionProperties) = preSolution
		HideSolutionNode = FALSE
	EndGlobalSection
	GlobalSection(NestedProjects) = preSolution
		{7C2F5C3B-D280-4585-92C7-BD5F0C60EA38} = {1E47916A-5DC7-4EC2-B648-3DB5329F143C}
		{4E687795-5C6D-4D9A-9EAE-57A00C6CBD86} = {1E47916A-5DC7-4EC2-B648-3DB5329F143C}
		{4443ABB3-1FA8-43B6-8F4E-76E8FCD876AD} = {1E47916A-5DC7-4EC2-B648-3DB5329F143C}
		{D19F0966-5E51-4B03-8E2D-80977F954110} = {FDF342F9-2F36-4A93-9FD3-FBFD56458284}
		{0BC8CFBA-5C43-46A2-BE81-0298FF608F55} = {FDF342F9-2F36-4A93-9FD3-FBFD56458284}
		{FC1362D6-249A-4A55-97B0-B81CDFF01C7F} = {FDF342F9-2F36-4A93-9FD3-FBFD56458284}
	EndGlobalSection
	GlobalSection(ExtensibilityGlobals) = postSolution
		SolutionGuid = {3FDA0C40-A300-44DB-B254-16F852A65AD3}
	EndGlobalSection
EndGlobal
